{
  "nodes": {
    "c4m-jtag": {
      "flake": false,
      "locked": {
        "lastModified": 1619101523,
        "narHash": "sha256-y1OY8URcE1lnu5L7IDFcJ8zT8sqlrfMP9VPNmVvACGk=",
        "ref": "master",
        "rev": "c2bf4810f9f91ced7fcda777b92b86ab353da288",
        "revCount": 146,
        "type": "git",
        "url": "https://git.libre-soc.org/git/c4m-jtag.git"
      },
      "original": {
        "type": "git",
        "url": "https://git.libre-soc.org/git/c4m-jtag.git"
      }
    },
    "nixpkgs": {
      "locked": {
        "lastModified": 1630612789,
        "narHash": "sha256-f1q5ExkMX2CBqBcRmrlnpewADt3EjhyncP/PfwUhK/Q=",
        "owner": "L-as",
        "repo": "nixpkgs",
        "rev": "11f9ff27bc66bf653ccbbfae1412e6f5705e4a5c",
        "type": "github"
      },
      "original": {
        "owner": "L-as",
        "ref": "alliance",
        "repo": "nixpkgs",
        "type": "github"
      }
    },
    "root": {
      "inputs": {
        "c4m-jtag": "c4m-jtag",
        "nixpkgs": "nixpkgs"
      }
    }
  },
  "root": "root",
  "version": 7
}
